
Microsoft Visual Studio Solution File, Format Version 12.00
# Visual Studio 14
VisualStudioVersion = 14.0.25420.1
MinimumVisualStudioVersion = 10.0.40219.1
Project("{FAE04EC0-301F-11D3-BF4B-00C04F79EFBC}") = "BookStore.WebUI", "BookStore.WebUI\BookStore.WebUI.csproj", "{E60D5DF0-780B-4BD3-BB9A-9C12548AFB84}"
EndProject
Project("{FAE04EC0-301F-11D3-BF4B-00C04F79EFBC}") = "BookStore.Domain", "BookStore.Domain\BookStore.Domain.csproj", "{26CCAF00-7CA8-4F13-8685-E406ECF01545}"
EndProject
Project("{FAE04EC0-301F-11D3-BF4B-00C04F79EFBC}") = "BookStore.UnitTests", "BookStore.UnitTests\BookStore.UnitTests.csproj", "{C93C5C2B-2845-49B0-8821-FCFB2F036AE6}"
EndProject
Global
	GlobalSection(SolutionConfigurationPlatforms) = preSolution
		Debug|Any CPU = Debug|Any CPU
		Release|Any CPU = Release|Any CPU
	EndGlobalSection
	GlobalSection(ProjectConfigurationPlatforms) = postSolution
		{E60D5DF0-780B-4BD3-BB9A-9C12548AFB84}.Debug|Any CPU.ActiveCfg = Debug|Any CPU
		{E60D5DF0-780B-4BD3-BB9A-9C12548AFB84}.Debug|Any CPU.Build.0 = Debug|Any CPU
		{E60D5DF0-780B-4BD3-BB9A-9C12548AFB84}.Release|Any CPU.ActiveCfg = Release|Any CPU
		{E60D5DF0-780B-4BD3-BB9A-9C12548AFB84}.Release|Any CPU.Build.0 = Release|Any CPU
		{26CCAF00-7CA8-4F13-8685-E406ECF01545}.Debug|Any CPU.ActiveCfg = Debug|Any CPU
		{26CCAF00-7CA8-4F13-8685-E406ECF01545}.Debug|Any CPU.Build.0 = Debug|Any CPU
		{26CCAF00-7CA8-4F13-8685-E406ECF01545}.Release|Any CPU.ActiveCfg = Release|Any CPU
		{26CCAF00-7CA8-4F13-8685-E406ECF01545}.Release|Any CPU.Build.0 = Release|Any CPU
		{C93C5C2B-2845-49B0-8821-FCFB2F036AE6}.Debug|Any CPU.ActiveCfg = Debug|Any CPU
		{C93C5C2B-2845-49B0-8821-FCFB2F036AE6}.Debug|Any CPU.Build.0 = Debug|Any CPU
		{C93C5C2B-2845-49B0-8821-FCFB2F036AE6}.Release|Any CPU.ActiveCfg = Release|Any CPU
		{C93C5C2B-2845-49B0-8821-FCFB2F036AE6}.Release|Any CPU.Build.0 = Release|Any CPU
	EndGlobalSection
	GlobalSection(SolutionProperties) = preSolution
		HideSolutionNode = FALSE
	EndGlobalSection
EndGlobal
